
Microsoft Visual Studio Solution File, Format Version 9.00
# Visual Studio 2005
Project("{FAE04EC0-301F-11D3-BF4B-00C04F79EFBC}") = "Tutorials.Full_x360", "Tutorials\Tutorials.Full_x360.csproj", "{B6C81D02-81B4-4A27-9F21-763924C3A930}"
EndProject
Project("{FAE04EC0-301F-11D3-BF4B-00C04F79EFBC}") = "Xen_x360", "Xen\Xen_x360.csproj", "{9F56A1F6-F57C-4157-9D1D-DD51B539957E}"
EndProject
Project("{FAE04EC0-301F-11D3-BF4B-00C04F79EFBC}") = "Xen_x360.Ex", "Xen.Ex\Xen_x360.Ex.csproj", "{097A10AD-AA4F-4BEA-A43B-ADEF1384CADB}"
EndProject
Global
	GlobalSection(SolutionConfigurationPlatforms) = preSolution
		Debug|Mixed Platforms = Debug|Mixed Platforms
		Debug|x86 = Debug|x86
		Debug|Xbox 360 = Debug|Xbox 360
		Release|Mixed Platforms = Release|Mixed Platforms
		Release|x86 = Release|x86
		Release|Xbox 360 = Release|Xbox 360
	EndGlobalSection
	GlobalSection(ProjectConfigurationPlatforms) = postSolution
		{B6C81D02-81B4-4A27-9F21-763924C3A930}.Debug|Mixed Platforms.ActiveCfg = Debug|Xbox 360
		{B6C81D02-81B4-4A27-9F21-763924C3A930}.Debug|Mixed Platforms.Build.0 = Debug|Xbox 360
		{B6C81D02-81B4-4A27-9F21-763924C3A930}.Debug|Mixed Platforms.Deploy.0 = Debug|Xbox 360
		{B6C81D02-81B4-4A27-9F21-763924C3A930}.Debug|x86.ActiveCfg = Debug|Xbox 360
		{B6C81D02-81B4-4A27-9F21-763924C3A930}.Debug|Xbox 360.ActiveCfg = Debug|Xbox 360
		{B6C81D02-81B4-4A27-9F21-763924C3A930}.Debug|Xbox 360.Build.0 = Debug|Xbox 360
		{B6C81D02-81B4-4A27-9F21-763924C3A930}.Debug|Xbox 360.Deploy.0 = Debug|Xbox 360
		{B6C81D02-81B4-4A27-9F21-763924C3A930}.Release|Mixed Platforms.ActiveCfg = Release|Xbox 360
		{B6C81D02-81B4-4A27-9F21-763924C3A930}.Release|Mixed Platforms.Build.0 = Release|Xbox 360
		{B6C81D02-81B4-4A27-9F21-763924C3A930}.Release|Mixed Platforms.Deploy.0 = Release|Xbox 360
		{B6C81D02-81B4-4A27-9F21-763924C3A930}.Release|x86.ActiveCfg = Release|Xbox 360
		{B6C81D02-81B4-4A27-9F21-763924C3A930}.Release|Xbox 360.ActiveCfg = Release|Xbox 360
		{B6C81D02-81B4-4A27-9F21-763924C3A930}.Release|Xbox 360.Build.0 = Release|Xbox 360
		{B6C81D02-81B4-4A27-9F21-763924C3A930}.Release|Xbox 360.Deploy.0 = Release|Xbox 360
		{EC205C07-79A7-4F36-B94B-BE447CFFA2AE}.Debug|Mixed Platforms.ActiveCfg = Debug|x86
		{EC205C07-79A7-4F36-B94B-BE447CFFA2AE}.Debug|x86.ActiveCfg = Debug|x86
		{EC205C07-79A7-4F36-B94B-BE447CFFA2AE}.Debug|Xbox 360.ActiveCfg = Debug|x86
		{EC205C07-79A7-4F36-B94B-BE447CFFA2AE}.Release|Mixed Platforms.ActiveCfg = Release|x86
		{EC205C07-79A7-4F36-B94B-BE447CFFA2AE}.Release|x86.ActiveCfg = Release|x86
		{EC205C07-79A7-4F36-B94B-BE447CFFA2AE}.Release|Xbox 360.ActiveCfg = Release|x86
		{9F56A1F6-F57C-4157-9D1D-DD51B539957E}.Debug|Mixed Platforms.ActiveCfg = Debug|Xbox 360
		{9F56A1F6-F57C-4157-9D1D-DD51B539957E}.Debug|Mixed Platforms.Build.0 = Debug|Xbox 360
		{9F56A1F6-F57C-4157-9D1D-DD51B539957E}.Debug|x86.ActiveCfg = Debug|Xbox 360
		{9F56A1F6-F57C-4157-9D1D-DD51B539957E}.Debug|Xbox 360.ActiveCfg = Debug|Xbox 360
		{9F56A1F6-F57C-4157-9D1D-DD51B539957E}.Debug|Xbox 360.Build.0 = Debug|Xbox 360
		{9F56A1F6-F57C-4157-9D1D-DD51B539957E}.Release|Mixed Platforms.ActiveCfg = Release|Xbox 360
		{9F56A1F6-F57C-4157-9D1D-DD51B539957E}.Release|Mixed Platforms.Build.0 = Release|Xbox 360
		{9F56A1F6-F57C-4157-9D1D-DD51B539957E}.Release|x86.ActiveCfg = Release|Xbox 360
		{9F56A1F6-F57C-4157-9D1D-DD51B539957E}.Release|Xbox 360.ActiveCfg = Release|Xbox 360
		{9F56A1F6-F57C-4157-9D1D-DD51B539957E}.Release|Xbox 360.Build.0 = Release|Xbox 360
		{018E1B54-714A-46D5-8722-C1E8698317A1}.Debug|Mixed Platforms.ActiveCfg = Debug|Xbox 360
		{018E1B54-714A-46D5-8722-C1E8698317A1}.Debug|x86.ActiveCfg = Debug|x86
		{018E1B54-714A-46D5-8722-C1E8698317A1}.Debug|Xbox 360.ActiveCfg = Debug|Xbox 360
		{018E1B54-714A-46D5-8722-C1E8698317A1}.Release|Mixed Platforms.ActiveCfg = Release|Xbox 360
		{018E1B54-714A-46D5-8722-C1E8698317A1}.Release|x86.ActiveCfg = Release|x86
		{018E1B54-714A-46D5-8722-C1E8698317A1}.Release|Xbox 360.ActiveCfg = Release|Xbox 360
		{097A10AD-AA4F-4BEA-A43B-ADEF1384CADB}.Debug|Mixed Platforms.ActiveCfg = Debug|Xbox 360
		{097A10AD-AA4F-4BEA-A43B-ADEF1384CADB}.Debug|Mixed Platforms.Build.0 = Debug|Xbox 360
		{097A10AD-AA4F-4BEA-A43B-ADEF1384CADB}.Debug|x86.ActiveCfg = Debug|Xbox 360
		{097A10AD-AA4F-4BEA-A43B-ADEF1384CADB}.Debug|Xbox 360.ActiveCfg = Debug|Xbox 360
		{097A10AD-AA4F-4BEA-A43B-ADEF1384CADB}.Debug|Xbox 360.Build.0 = Debug|Xbox 360
		{097A10AD-AA4F-4BEA-A43B-ADEF1384CADB}.Release|Mixed Platforms.ActiveCfg = Release|Xbox 360
		{097A10AD-AA4F-4BEA-A43B-ADEF1384CADB}.Release|Mixed Platforms.Build.0 = Release|Xbox 360
		{097A10AD-AA4F-4BEA-A43B-ADEF1384CADB}.Release|x86.ActiveCfg = Release|Xbox 360
		{097A10AD-AA4F-4BEA-A43B-ADEF1384CADB}.Release|Xbox 360.ActiveCfg = Release|Xbox 360
		{097A10AD-AA4F-4BEA-A43B-ADEF1384CADB}.Release|Xbox 360.Build.0 = Release|Xbox 360
		{5B1B73F0-2ACC-49C3-AEBC-45FADB403E60}.Debug|Mixed Platforms.ActiveCfg = Debug|x86
		{5B1B73F0-2ACC-49C3-AEBC-45FADB403E60}.Debug|x86.ActiveCfg = Debug|x86
		{5B1B73F0-2ACC-49C3-AEBC-45FADB403E60}.Debug|Xbox 360.ActiveCfg = Debug|x86
		{5B1B73F0-2ACC-49C3-AEBC-45FADB403E60}.Release|Mixed Platforms.ActiveCfg = Release|x86
		{5B1B73F0-2ACC-49C3-AEBC-45FADB403E60}.Release|x86.ActiveCfg = Release|x86
		{5B1B73F0-2ACC-49C3-AEBC-45FADB403E60}.Release|Xbox 360.ActiveCfg = Release|x86
	EndGlobalSection
	GlobalSection(SolutionProperties) = preSolution
		HideSolutionNode = FALSE
	EndGlobalSection
EndGlobal
